
Microsoft Visual Studio Solution File, Format Version 12.00
# Visual Studio Version 16
VisualStudioVersion = 16.0.30320.27
MinimumVisualStudioVersion = 10.0.40219.1
Project("{FAE04EC0-301F-11D3-BF4B-00C04F79EFBC}") = "CS_Hw_1", "CS_Hw_1\CS_Hw_1.csproj", "{D24EBAF5-19A7-4A2B-A432-6C625D23B8F6}"
EndProject
Project("{FAE04EC0-301F-11D3-BF4B-00C04F79EFBC}") = "CS_Hw_2", "CS_Hw_2\CS_Hw_2.csproj", "{7FDBF7EE-6EE6-4AD4-99D7-946787CD2833}"
EndProject
Project("{FAE04EC0-301F-11D3-BF4B-00C04F79EFBC}") = "CS_Hw_3(Day7(Tanks))", "CS_Hw_3\CS_Hw_3(Day7(Tanks)).csproj", "{D58C05F4-9ACD-4E70-9882-47161C5FB0AD}"
EndProject
Project("{FAE04EC0-301F-11D3-BF4B-00C04F79EFBC}") = "MyClassLib", "MyClassLib\MyClassLib.csproj", "{CA6A3BE3-9C3D-48F0-A80A-0DE703E90B9B}"
EndProject
Global
	GlobalSection(SolutionConfigurationPlatforms) = preSolution
		Debug|Any CPU = Debug|Any CPU
		Release|Any CPU = Release|Any CPU
	EndGlobalSection
	GlobalSection(ProjectConfigurationPlatforms) = postSolution
		{D24EBAF5-19A7-4A2B-A432-6C625D23B8F6}.Debug|Any CPU.ActiveCfg = Debug|Any CPU
		{D24EBAF5-19A7-4A2B-A432-6C625D23B8F6}.Debug|Any CPU.Build.0 = Debug|Any CPU
		{D24EBAF5-19A7-4A2B-A432-6C625D23B8F6}.Release|Any CPU.ActiveCfg = Release|Any CPU
		{D24EBAF5-19A7-4A2B-A432-6C625D23B8F6}.Release|Any CPU.Build.0 = Release|Any CPU
		{7FDBF7EE-6EE6-4AD4-99D7-946787CD2833}.Debug|Any CPU.ActiveCfg = Debug|Any CPU
		{7FDBF7EE-6EE6-4AD4-99D7-946787CD2833}.Debug|Any CPU.Build.0 = Debug|Any CPU
		{7FDBF7EE-6EE6-4AD4-99D7-946787CD2833}.Release|Any CPU.ActiveCfg = Release|Any CPU
		{7FDBF7EE-6EE6-4AD4-99D7-946787CD2833}.Release|Any CPU.Build.0 = Release|Any CPU
		{D58C05F4-9ACD-4E70-9882-47161C5FB0AD}.Debug|Any CPU.ActiveCfg = Debug|Any CPU
		{D58C05F4-9ACD-4E70-9882-47161C5FB0AD}.Debug|Any CPU.Build.0 = Debug|Any CPU
		{D58C05F4-9ACD-4E70-9882-47161C5FB0AD}.Release|Any CPU.ActiveCfg = Release|Any CPU
		{D58C05F4-9ACD-4E70-9882-47161C5FB0AD}.Release|Any CPU.Build.0 = Release|Any CPU
		{CA6A3BE3-9C3D-48F0-A80A-0DE703E90B9B}.Debug|Any CPU.ActiveCfg = Debug|Any CPU
		{CA6A3BE3-9C3D-48F0-A80A-0DE703E90B9B}.Debug|Any CPU.Build.0 = Debug|Any CPU
		{CA6A3BE3-9C3D-48F0-A80A-0DE703E90B9B}.Release|Any CPU.ActiveCfg = Release|Any CPU
		{CA6A3BE3-9C3D-48F0-A80A-0DE703E90B9B}.Release|Any CPU.Build.0 = Release|Any CPU
	EndGlobalSection
	GlobalSection(SolutionProperties) = preSolution
		HideSolutionNode = FALSE
	EndGlobalSection
	GlobalSection(ExtensibilityGlobals) = postSolution
		SolutionGuid = {670761C8-8688-4637-BDA7-5206910D14E1}
	EndGlobalSection
EndGlobal
